
Microsoft Visual Studio Solution File, Format Version 12.00
# Visual Studio Version 17
VisualStudioVersion = 17.8.34525.116
MinimumVisualStudioVersion = 10.0.40219.1
Project("{FAE04EC0-301F-11D3-BF4B-00C04F79EFBC}") = "InterviewProject", "InterviewProject\InterviewProject.csproj", "{6FF51079-1B82-48AC-8E5B-AD55E9047A16}"
EndProject
Global
	GlobalSection(SolutionConfigurationPlatforms) = preSolution
		Debug|Any CPU = Debug|Any CPU
		Release|Any CPU = Release|Any CPU
	EndGlobalSection
	GlobalSection(ProjectConfigurationPlatforms) = postSolution
		{6FF51079-1B82-48AC-8E5B-AD55E9047A16}.Debug|Any CPU.ActiveCfg = Debug|Any CPU
		{6FF51079-1B82-48AC-8E5B-AD55E9047A16}.Debug|Any CPU.Build.0 = Debug|Any CPU
		{6FF51079-1B82-48AC-8E5B-AD55E9047A16}.Release|Any CPU.ActiveCfg = Release|Any CPU
		{6FF51079-1B82-48AC-8E5B-AD55E9047A16}.Release|Any CPU.Build.0 = Release|Any CPU
	EndGlobalSection
	GlobalSection(SolutionProperties) = preSolution
		HideSolutionNode = FALSE
	EndGlobalSection
	GlobalSection(ExtensibilityGlobals) = postSolution
		SolutionGuid = {096395F0-61B9-4526-8F1E-971387F63F2F}
	EndGlobalSection
EndGlobal
